
Microsoft Visual Studio Solution File, Format Version 12.00
# Visual Studio Version 17
VisualStudioVersion = 17.7.34031.279
MinimumVisualStudioVersion = 10.0.40219.1
Project("{FAE04EC0-301F-11D3-BF4B-00C04F79EFBC}") = "Strategy_v1", "Strategy_v1.csproj", "{F08FF2DC-8A46-4C47-96BA-5B232B8EF76D}"
EndProject
Global
	GlobalSection(SolutionConfigurationPlatforms) = preSolution
		Debug|Any CPU = Debug|Any CPU
		Release|Any CPU = Release|Any CPU
	EndGlobalSection
	GlobalSection(ProjectConfigurationPlatforms) = postSolution
		{F08FF2DC-8A46-4C47-96BA-5B232B8EF76D}.Debug|Any CPU.ActiveCfg = Debug|Any CPU
		{F08FF2DC-8A46-4C47-96BA-5B232B8EF76D}.Debug|Any CPU.Build.0 = Debug|Any CPU
		{F08FF2DC-8A46-4C47-96BA-5B232B8EF76D}.Release|Any CPU.ActiveCfg = Release|Any CPU
		{F08FF2DC-8A46-4C47-96BA-5B232B8EF76D}.Release|Any CPU.Build.0 = Release|Any CPU
	EndGlobalSection
	GlobalSection(SolutionProperties) = preSolution
		HideSolutionNode = FALSE
	EndGlobalSection
	GlobalSection(ExtensibilityGlobals) = postSolution
		SolutionGuid = {7F3760B8-19E7-48A2-A8A9-DD6E2C5D72ED}
	EndGlobalSection
EndGlobal
